// !$*UTF8*$!
{
	archiveVersion = 1;
	classes = {
	};
	objectVersion = 50;
	objects = {

/* Begin PBXBuildFile section */
		988581B123F9A30600A96873 /* MainTabBarController.swift in Sources */ = {isa = PBXBuildFile; fileRef = 988581B023F9A30600A96873 /* MainTabBarController.swift */; };
		988581B323F9A44300A96873 /* LoanController.swift in Sources */ = {isa = PBXBuildFile; fileRef = 988581B223F9A44300A96873 /* LoanController.swift */; };
		988581B523F9A46800A96873 /* MortgageController.swift in Sources */ = {isa = PBXBuildFile; fileRef = 988581B423F9A46800A96873 /* MortgageController.swift */; };
		988581B723F9A47F00A96873 /* SavingsController.swift in Sources */ = {isa = PBXBuildFile; fileRef = 988581B623F9A47F00A96873 /* SavingsController.swift */; };
		988581BA23FAC17300A96873 /* CustomNumpad.swift in Sources */ = {isa = PBXBuildFile; fileRef = 988581B923FAC17300A96873 /* CustomNumpad.swift */; };
		988581BC23FAC1EF00A96873 /* CustomNumpad.xib in Resources */ = {isa = PBXBuildFile; fileRef = 988581BB23FAC1EF00A96873 /* CustomNumpad.xib */; };
		98A23009240981A40046ABAC /* MortgageModel.swift in Sources */ = {isa = PBXBuildFile; fileRef = 98A23008240981A40046ABAC /* MortgageModel.swift */; };
		98C5EDD92406E2AB00504838 /* UITextFieldExtension.swift in Sources */ = {isa = PBXBuildFile; fileRef = 98C5EDD82406E2AB00504838 /* UITextFieldExtension.swift */; };
		98F13F5823F857E100662AA6 /* AppDelegate.swift in Sources */ = {isa = PBXBuildFile; fileRef = 98F13F5723F857E100662AA6 /* AppDelegate.swift */; };
		98F13F5A23F857E100662AA6 /* SceneDelegate.swift in Sources */ = {isa = PBXBuildFile; fileRef = 98F13F5923F857E100662AA6 /* SceneDelegate.swift */; };
		98F13F5C23F857E100662AA6 /* CompoundInterestSavingsController.swift in Sources */ = {isa = PBXBuildFile; fileRef = 98F13F5B23F857E100662AA6 /* CompoundInterestSavingsController.swift */; };
		98F13F5F23F857E100662AA6 /* Main.storyboard in Resources */ = {isa = PBXBuildFile; fileRef = 98F13F5D23F857E100662AA6 /* Main.storyboard */; };
		98F13F6123F857E300662AA6 /* Assets.xcassets in Resources */ = {isa = PBXBuildFile; fileRef = 98F13F6023F857E300662AA6 /* Assets.xcassets */; };
		98F13F6423F857E300662AA6 /* LaunchScreen.storyboard in Resources */ = {isa = PBXBuildFile; fileRef = 98F13F6223F857E300662AA6 /* LaunchScreen.storyboard */; };
/* End PBXBuildFile section */

/* Begin PBXFileReference section */
		988581B023F9A30600A96873 /* MainTabBarController.swift */ = {isa = PBXFileReference; lastKnownFileType = sourcecode.swift; path = MainTabBarController.swift; sourceTree = "<group>"; };
		988581B223F9A44300A96873 /* LoanController.swift */ = {isa = PBXFileReference; lastKnownFileType = sourcecode.swift; path = LoanController.swift; sourceTree = "<group>"; };
		988581B423F9A46800A96873 /* MortgageController.swift */ = {isa = PBXFileReference; lastKnownFileType = sourcecode.swift; path = MortgageController.swift; sourceTree = "<group>"; };
		988581B623F9A47F00A96873 /* SavingsController.swift */ = {isa = PBXFileReference; lastKnownFileType = sourcecode.swift; path = SavingsController.swift; sourceTree = "<group>"; };
		988581B923FAC17300A96873 /* CustomNumpad.swift */ = {isa = PBXFileReference; lastKnownFileType = sourcecode.swift; path = CustomNumpad.swift; sourceTree = "<group>"; };
		988581BB23FAC1EF00A96873 /* CustomNumpad.xib */ = {isa = PBXFileReference; lastKnownFileType = file.xib; path = CustomNumpad.xib; sourceTree = "<group>"; };
		98A23008240981A40046ABAC /* MortgageModel.swift */ = {isa = PBXFileReference; lastKnownFileType = sourcecode.swift; path = MortgageModel.swift; sourceTree = "<group>"; };
		98C5EDD82406E2AB00504838 /* UITextFieldExtension.swift */ = {isa = PBXFileReference; lastKnownFileType = sourcecode.swift; path = UITextFieldExtension.swift; sourceTree = "<group>"; };
		98F13F5423F857E100662AA6 /* FinanceApp.app */ = {isa = PBXFileReference; explicitFileType = wrapper.application; includeInIndex = 0; path = FinanceApp.app; sourceTree = BUILT_PRODUCTS_DIR; };
		98F13F5723F857E100662AA6 /* AppDelegate.swift */ = {isa = PBXFileReference; lastKnownFileType = sourcecode.swift; path = AppDelegate.swift; sourceTree = "<group>"; };
		98F13F5923F857E100662AA6 /* SceneDelegate.swift */ = {isa = PBXFileReference; lastKnownFileType = sourcecode.swift; path = SceneDelegate.swift; sourceTree = "<group>"; };
		98F13F5B23F857E100662AA6 /* CompoundInterestSavingsController.swift */ = {isa = PBXFileReference; lastKnownFileType = sourcecode.swift; path = CompoundInterestSavingsController.swift; sourceTree = "<group>"; };
		98F13F5E23F857E100662AA6 /* Base */ = {isa = PBXFileReference; lastKnownFileType = file.storyboard; name = Base; path = Base.lproj/Main.storyboard; sourceTree = "<group>"; };
		98F13F6023F857E300662AA6 /* Assets.xcassets */ = {isa = PBXFileReference; lastKnownFileType = folder.assetcatalog; path = Assets.xcassets; sourceTree = "<group>"; };
		98F13F6323F857E300662AA6 /* Base */ = {isa = PBXFileReference; lastKnownFileType = file.storyboard; name = Base; path = Base.lproj/LaunchScreen.storyboard; sourceTree = "<group>"; };
		98F13F6523F857E300662AA6 /* Info.plist */ = {isa = PBXFileReference; lastKnownFileType = text.plist.xml; path = Info.plist; sourceTree = "<group>"; };
/* End PBXFileReference section */

/* Begin PBXFrameworksBuildPhase section */
		98F13F5123F857E100662AA6 /* Frameworks */ = {
			isa = PBXFrameworksBuildPhase;
			buildActionMask = 2147483647;
			files = (
			);
			runOnlyForDeploymentPostprocessing = 0;
		};
/* End PBXFrameworksBuildPhase section */

/* Begin PBXGroup section */
		988581AF23F9A2B100A96873 /* Controller */ = {
			isa = PBXGroup;
			children = (
				98F13F5B23F857E100662AA6 /* CompoundInterestSavingsController.swift */,
				988581B023F9A30600A96873 /* MainTabBarController.swift */,
				988581B223F9A44300A96873 /* LoanController.swift */,
				988581B423F9A46800A96873 /* MortgageController.swift */,
				988581B623F9A47F00A96873 /* SavingsController.swift */,
			);
			path = Controller;
			sourceTree = "<group>";
		};
		988581B823FAB4CC00A96873 /* CustomNumpad */ = {
			isa = PBXGroup;
			children = (
				988581B923FAC17300A96873 /* CustomNumpad.swift */,
				988581BB23FAC1EF00A96873 /* CustomNumpad.xib */,
			);
			path = CustomNumpad;
			sourceTree = "<group>";
		};
		98A2300724096FC60046ABAC /* Model */ = {
			isa = PBXGroup;
			children = (
				98A23008240981A40046ABAC /* MortgageModel.swift */,
			);
			path = Model;
			sourceTree = "<group>";
		};
		98C5EDD72406E24D00504838 /* Extensions */ = {
			isa = PBXGroup;
			children = (
				98C5EDD82406E2AB00504838 /* UITextFieldExtension.swift */,
			);
			path = Extensions;
			sourceTree = "<group>";
		};
		98F13F4B23F857E100662AA6 = {
			isa = PBXGroup;
			children = (
				98F13F5623F857E100662AA6 /* FinanceApp */,
				98F13F5523F857E100662AA6 /* Products */,
			);
			sourceTree = "<group>";
		};
		98F13F5523F857E100662AA6 /* Products */ = {
			isa = PBXGroup;
			children = (
				98F13F5423F857E100662AA6 /* FinanceApp.app */,
			);
			name = Products;
			sourceTree = "<group>";
		};
		98F13F5623F857E100662AA6 /* FinanceApp */ = {
			isa = PBXGroup;
			children = (
				98A2300724096FC60046ABAC /* Model */,
				98C5EDD72406E24D00504838 /* Extensions */,
				988581B823FAB4CC00A96873 /* CustomNumpad */,
				988581AF23F9A2B100A96873 /* Controller */,
				98F13F5723F857E100662AA6 /* AppDelegate.swift */,
				98F13F5923F857E100662AA6 /* SceneDelegate.swift */,
				98F13F5D23F857E100662AA6 /* Main.storyboard */,
				98F13F6023F857E300662AA6 /* Assets.xcassets */,
				98F13F6223F857E300662AA6 /* LaunchScreen.storyboard */,
				98F13F6523F857E300662AA6 /* Info.plist */,
			);
			path = FinanceApp;
			sourceTree = "<group>";
		};
/* End PBXGroup section */

/* Begin PBXNativeTarget section */
		98F13F5323F857E100662AA6 /* FinanceApp */ = {
			isa = PBXNativeTarget;
			buildConfigurationList = 98F13F6823F857E300662AA6 /* Build configuration list for PBXNativeTarget "FinanceApp" */;
			buildPhases = (
				98F13F5023F857E100662AA6 /* Sources */,
				98F13F5123F857E100662AA6 /* Frameworks */,
				98F13F5223F857E100662AA6 /* Resources */,
			);
			buildRules = (
			);
			dependencies = (
			);
			name = FinanceApp;
			productName = FinanceApp;
			productReference = 98F13F5423F857E100662AA6 /* FinanceApp.app */;
			productType = "com.apple.product-type.application";
		};
/* End PBXNativeTarget section */

/* Begin PBXProject section */
		98F13F4C23F857E100662AA6 /* Project object */ = {
			isa = PBXProject;
			attributes = {
				LastSwiftUpdateCheck = 1130;
				LastUpgradeCheck = 1130;
				ORGANIZATIONNAME = "Hamool Nizar";
				TargetAttributes = {
					98F13F5323F857E100662AA6 = {
						CreatedOnToolsVersion = 11.3.1;
					};
				};
			};
			buildConfigurationList = 98F13F4F23F857E100662AA6 /* Build configuration list for PBXProject "FinanceApp" */;
			compatibilityVersion = "Xcode 9.3";
			developmentRegion = en;
			hasScannedForEncodings = 0;
			knownRegions = (
				en,
				Base,
			);
			mainGroup = 98F13F4B23F857E100662AA6;
			productRefGroup = 98F13F5523F857E100662AA6 /* Products */;
			projectDirPath = "";
			projectRoot = "";
			targets = (
				98F13F5323F857E100662AA6 /* FinanceApp */,
			);
		};
/* End PBXProject section */

/* Begin PBXResourcesBuildPhase section */
		98F13F5223F857E100662AA6 /* Resources */ = {
			isa = PBXResourcesBuildPhase;
			buildActionMask = 2147483647;
			files = (
				98F13F6423F857E300662AA6 /* LaunchScreen.storyboard in Resources */,
				988581BC23FAC1EF00A96873 /* CustomNumpad.xib in Resources */,
				98F13F6123F857E300662AA6 /* Assets.xcassets in Resources */,
				98F13F5F23F857E100662AA6 /* Main.storyboard in Resources */,
			);
			runOnlyForDeploymentPostprocessing = 0;
		};
/* End PBXResourcesBuildPhase section */

/* Begin PBXSourcesBuildPhase section */
		98F13F5023F857E100662AA6 /* Sources */ = {
			isa = PBXSourcesBuildPhase;
			buildActionMask = 2147483647;
			files = (
				98F13F5C23F857E100662AA6 /* CompoundInterestSavingsController.swift in Sources */,
				98A23009240981A40046ABAC /* MortgageModel.swift in Sources */,
				98C5EDD92406E2AB00504838 /* UITextFieldExtension.swift in Sources */,
				988581B523F9A46800A96873 /* MortgageController.swift in Sources */,
				988581B323F9A44300A96873 /* LoanController.swift in Sources */,
				98F13F5823F857E100662AA6 /* AppDelegate.swift in Sources */,
				988581B723F9A47F00A96873 /* SavingsController.swift in Sources */,
				988581BA23FAC17300A96873 /* CustomNumpad.swift in Sources */,
				988581B123F9A30600A96873 /* MainTabBarController.swift in Sources */,
				98F13F5A23F857E100662AA6 /* SceneDelegate.swift in Sources */,
			);
			runOnlyForDeploymentPostprocessing = 0;
		};
/* End PBXSourcesBuildPhase section */

/* Begin PBXVariantGroup section */
		98F13F5D23F857E100662AA6 /* Main.storyboard */ = {
			isa = PBXVariantGroup;
			children = (
				98F13F5E23F857E100662AA6 /* Base */,
			);
			name = Main.storyboard;
			sourceTree = "<group>";
		};
		98F13F6223F857E300662AA6 /* LaunchScreen.storyboard */ = {
			isa = PBXVariantGroup;
			children = (
				98F13F6323F857E300662AA6 /* Base */,
			);
			name = LaunchScreen.storyboard;
			sourceTree = "<group>";
		};
/* End PBXVariantGroup section */

/* Begin XCBuildConfiguration section */
		98F13F6623F857E300662AA6 /* Debug */ = {
			isa = XCBuildConfiguration;
			buildSettings = {
				ALWAYS_SEARCH_USER_PATHS = NO;
				CLANG_ANALYZER_NONNULL = YES;
				CLANG_ANALYZER_NUMBER_OBJECT_CONVERSION = YES_AGGRESSIVE;
				CLANG_CXX_LANGUAGE_STANDARD = "gnu++14";
				CLANG_CXX_LIBRARY = "libc++";
				CLANG_ENABLE_MODULES = YES;
				CLANG_ENABLE_OBJC_ARC = YES;
				CLANG_ENABLE_OBJC_WEAK = YES;
				CLANG_WARN_BLOCK_CAPTURE_AUTORELEASING = YES;
				CLANG_WARN_BOOL_CONVERSION = YES;
				CLANG_WARN_COMMA = YES;
				CLANG_WARN_CONSTANT_CONVERSION = YES;
				CLANG_WARN_DEPRECATED_OBJC_IMPLEMENTATIONS = YES;
				CLANG_WARN_DIRECT_OBJC_ISA_USAGE = YES_ERROR;
				CLANG_WARN_DOCUMENTATION_COMMENTS = YES;
				CLANG_WARN_EMPTY_BODY = YES;
				CLANG_WARN_ENUM_CONVERSION = YES;
				CLANG_WARN_INFINITE_RECURSION = YES;
				CLANG_WARN_INT_CONVERSION = YES;
				CLANG_WARN_NON_LITERAL_NULL_CONVERSION = YES;
				CLANG_WARN_OBJC_IMPLICIT_RETAIN_SELF = YES;
				CLANG_WARN_OBJC_LITERAL_CONVERSION = YES;
				CLANG_WARN_OBJC_ROOT_CLASS = YES_ERROR;
				CLANG_WARN_RANGE_LOOP_ANALYSIS = YES;
				CLANG_WARN_STRICT_PROTOTYPES = YES;
				CLANG_WARN_SUSPICIOUS_MOVE = YES;
				CLANG_WARN_UNGUARDED_AVAILABILITY = YES_AGGRESSIVE;
				CLANG_WARN_UNREACHABLE_CODE = YES;
				CLANG_WARN__DUPLICATE_METHOD_MATCH = YES;
				COPY_PHASE_STRIP = NO;
				DEBUG_INFORMATION_FORMAT = dwarf;
				ENABLE_STRICT_OBJC_MSGSEND = YES;
				ENABLE_TESTABILITY = YES;
				GCC_C_LANGUAGE_STANDARD = gnu11;
				GCC_DYNAMIC_NO_PIC = NO;
				GCC_NO_COMMON_BLOCKS = YES;
				GCC_OPTIMIZATION_LEVEL = 0;
				GCC_PREPROCESSOR_DEFINITIONS = (
					"DEBUG=1",
					"$(inherited)",
				);
				GCC_WARN_64_TO_32_BIT_CONVERSION = YES;
				GCC_WARN_ABOUT_RETURN_TYPE = YES_ERROR;
				GCC_WARN_UNDECLARED_SELECTOR = YES;
				GCC_WARN_UNINITIALIZED_AUTOS = YES_AGGRESSIVE;
				GCC_WARN_UNUSED_FUNCTION = YES;
				GCC_WARN_UNUSED_VARIABLE = YES;
				IPHONEOS_DEPLOYMENT_TARGET = 13.2;
				MTL_ENABLE_DEBUG_INFO = INCLUDE_SOURCE;
				MTL_FAST_MATH = YES;
				ONLY_ACTIVE_ARCH = YES;
				SDKROOT = iphoneos;
				SWIFT_ACTIVE_COMPILATION_CONDITIONS = DEBUG;
				SWIFT_OPTIMIZATION_LEVEL = "-Onone";
			};
			name = Debug;
		};
		98F13F6723F857E300662AA6 /* Release */ = {
			isa = XCBuildConfiguration;
			buildSettings = {
				ALWAYS_SEARCH_USER_PATHS = NO;
				CLANG_ANALYZER_NONNULL = YES;
				CLANG_ANALYZER_NUMBER_OBJECT_CONVERSION = YES_AGGRESSIVE;
				CLANG_CXX_LANGUAGE_STANDARD = "gnu++14";
				CLANG_CXX_LIBRARY = "libc++";
				CLANG_ENABLE_MODULES = YES;
				CLANG_ENABLE_OBJC_ARC = YES;
				CLANG_ENABLE_OBJC_WEAK = YES;
				CLANG_WARN_BLOCK_CAPTURE_AUTORELEASING = YES;
				CLANG_WARN_BOOL_CONVERSION = YES;
				CLANG_WARN_COMMA = YES;
				CLANG_WARN_CONSTANT_CONVERSION = YES;
				CLANG_WARN_DEPRECATED_OBJC_IMPLEMENTATIONS = YES;
				CLANG_WARN_DIRECT_OBJC_ISA_USAGE = YES_ERROR;
				CLANG_WARN_DOCUMENTATION_COMMENTS = YES;
				CLANG_WARN_EMPTY_BODY = YES;
				CLANG_WARN_ENUM_CONVERSION = YES;
				CLANG_WARN_INFINITE_RECURSION = YES;
				CLANG_WARN_INT_CONVERSION = YES;
				CLANG_WARN_NON_LITERAL_NULL_CONVERSION = YES;
				CLANG_WARN_OBJC_IMPLICIT_RETAIN_SELF = YES;
				CLANG_WARN_OBJC_LITERAL_CONVERSION = YES;
				CLANG_WARN_OBJC_ROOT_CLASS = YES_ERROR;
				CLANG_WARN_RANGE_LOOP_ANALYSIS = YES;
				CLANG_WARN_STRICT_PROTOTYPES = YES;
				CLANG_WARN_SUSPICIOUS_MOVE = YES;
				CLANG_WARN_UNGUARDED_AVAILABILITY = YES_AGGRESSIVE;
				CLANG_WARN_UNREACHABLE_CODE = YES;
				CLANG_WARN__DUPLICATE_METHOD_MATCH = YES;
				COPY_PHASE_STRIP = NO;
				DEBUG_INFORMATION_FORMAT = "dwarf-with-dsym";
				ENABLE_NS_ASSERTIONS = NO;
				ENABLE_STRICT_OBJC_MSGSEND = YES;
				GCC_C_LANGUAGE_STANDARD = gnu11;
				GCC_NO_COMMON_BLOCKS = YES;
				GCC_WARN_64_TO_32_BIT_CONVERSION = YES;
				GCC_WARN_ABOUT_RETURN_TYPE = YES_ERROR;
				GCC_WARN_UNDECLARED_SELECTOR = YES;
				GCC_WARN_UNINITIALIZED_AUTOS = YES_AGGRESSIVE;
				GCC_WARN_UNUSED_FUNCTION = YES;
				GCC_WARN_UNUSED_VARIABLE = YES;
				IPHONEOS_DEPLOYMENT_TARGET = 13.2;
				MTL_ENABLE_DEBUG_INFO = NO;
				MTL_FAST_MATH = YES;
				SDKROOT = iphoneos;
				SWIFT_COMPILATION_MODE = wholemodule;
				SWIFT_OPTIMIZATION_LEVEL = "-O";
				VALIDATE_PRODUCT = YES;
			};
			name = Release;
		};
		98F13F6923F857E300662AA6 /* Debug */ = {
			isa = XCBuildConfiguration;
			buildSettings = {
				ASSETCATALOG_COMPILER_APPICON_NAME = AppIcon;
				CODE_SIGN_STYLE = Automatic;
				INFOPLIST_FILE = FinanceApp/Info.plist;
				LD_RUNPATH_SEARCH_PATHS = (
					"$(inherited)",
					"@executable_path/Frameworks",
				);
				PRODUCT_BUNDLE_IDENTIFIER = com.HamoolNizar.FinanceApp;
				PRODUCT_NAME = "$(TARGET_NAME)";
				SWIFT_VERSION = 5.0;
				TARGETED_DEVICE_FAMILY = "1,2";
			};
			name = Debug;
		};
		98F13F6A23F857E300662AA6 /* Release */ = {
			isa = XCBuildConfiguration;
			buildSettings = {
				ASSETCATALOG_COMPILER_APPICON_NAME = AppIcon;
				CODE_SIGN_STYLE = Automatic;
				INFOPLIST_FILE = FinanceApp/Info.plist;
				LD_RUNPATH_SEARCH_PATHS = (
					"$(inherited)",
					"@executable_path/Frameworks",
				);
				PRODUCT_BUNDLE_IDENTIFIER = com.HamoolNizar.FinanceApp;
				PRODUCT_NAME = "$(TARGET_NAME)";
				SWIFT_VERSION = 5.0;
				TARGETED_DEVICE_FAMILY = "1,2";
			};
			name = Release;
		};
/* End XCBuildConfiguration section */

/* Begin XCConfigurationList section */
		98F13F4F23F857E100662AA6 /* Build configuration list for PBXProject "FinanceApp" */ = {
			isa = XCConfigurationList;
			buildConfigurations = (
				98F13F6623F857E300662AA6 /* Debug */,
				98F13F6723F857E300662AA6 /* Release */,
			);
			defaultConfigurationIsVisible = 0;
			defaultConfigurationName = Release;
		};
		98F13F6823F857E300662AA6 /* Build configuration list for PBXNativeTarget "FinanceApp" */ = {
			isa = XCConfigurationList;
			buildConfigurations = (
				98F13F6923F857E300662AA6 /* Debug */,
				98F13F6A23F857E300662AA6 /* Release */,
			);
			defaultConfigurationIsVisible = 0;
			defaultConfigurationName = Release;
		};
/* End XCConfigurationList section */
	};
	rootObject = 98F13F4C23F857E100662AA6 /* Project object */;
}
